{
  "originHash" : "cf08fd7ca1f7fccd855fe5b8d3ea0c38ddae029fa00ab85dc2f8e6f9159cef5b",
  "pins" : [
    {
      "identity" : "openaiswift",
      "kind" : "remoteSourceControl",
      "location" : "https://github.com/adamrushy/OpenAISwift",
      "state" : {
        "revision" : "ca66fb720d6ebb657601db5a0852b830ae310a4c",
        "version" : "1.4.1"
      }
    }
  ],
  "version" : 3
}
